
Microsoft Visual Studio Solution File, Format Version 12.00
# Visual Studio 15
VisualStudioVersion = 15.0.28010.2050
MinimumVisualStudioVersion = 10.0.40219.1
Project("{2150E333-8FDC-42A3-9474-1A3956D46DE8}") = "src", "src", "{D6B27ECF-3BCD-41A2-ACB1-E49D6930B289}"
EndProject
Project("{2150E333-8FDC-42A3-9474-1A3956D46DE8}") = "Servers", "Servers", "{35C1C8D3-74EA-49EA-BDC8-6F75A58E1ECB}"
EndProject
Project("{2150E333-8FDC-42A3-9474-1A3956D46DE8}") = "SystemManager", "SystemManager", "{99EACE57-4CE7-4DAA-9C7C-57980D80EC4A}"
EndProject
Project("{2150E333-8FDC-42A3-9474-1A3956D46DE8}") = "Identity", "Identity", "{EE227FD5-5686-4611-A6DA-975BAD82910A}"
EndProject
Project("{2150E333-8FDC-42A3-9474-1A3956D46DE8}") = "Customer", "Customer", "{5DA2851C-F88A-4E5B-84B1-B2ABF7B63969}"
EndProject
Project("{2150E333-8FDC-42A3-9474-1A3956D46DE8}") = "Product", "Product", "{2FB4AA38-105B-4B33-8F4B-3063D0DABA67}"
EndProject
Project("{2150E333-8FDC-42A3-9474-1A3956D46DE8}") = "Order", "Order", "{5FE192E1-B33B-490C-9F2D-DAE1C1B1555A}"
EndProject
Project("{2150E333-8FDC-42A3-9474-1A3956D46DE8}") = "Solution Items", "Solution Items", "{D0658F8C-8245-4B4E-B34D-45B692E6C2D4}"
EndProject
Project("{2150E333-8FDC-42A3-9474-1A3956D46DE8}") = "CommonComponents", "CommonComponents", "{8F4C34B7-54BE-4D40-9165-0A2ABFFBEBC4}"
EndProject
Project("{9A19103F-16F7-4668-BE54-9A1E7A4F7556}") = "Hl.Infrastructure", "src\CommonComponents\Hl.Infrastructure\Hl.Infrastructure.csproj", "{0B334E59-B695-4A59-B816-0B7C82BCEDCF}"
EndProject
Project("{9A19103F-16F7-4668-BE54-9A1E7A4F7556}") = "Hl.Core", "src\CommonComponents\Hl.Core\Hl.Core.csproj", "{03D50BB1-683F-4265-A8B3-A7A49B14E7EE}"
EndProject
Project("{2150E333-8FDC-42A3-9474-1A3956D46DE8}") = "Stock", "Stock", "{81F0C8A4-BA97-4B62-9CCD-FEC1B85D7149}"
EndProject
Project("{9A19103F-16F7-4668-BE54-9A1E7A4F7556}") = "Hl.Customer.ServerHost", "src\Servers\Customer\Hl.Customer.ServerHost\Hl.Customer.ServerHost.csproj", "{E29C46B9-F68D-470C-9D65-93691938CA35}"
EndProject
Project("{9A19103F-16F7-4668-BE54-9A1E7A4F7556}") = "Hl.Customer.IApplication", "src\Servers\Customer\Hl.Customer.IApplication\Hl.Customer.IApplication.csproj", "{E2CB7E89-44F5-4855-AA3A-3887495E2A7F}"
EndProject
Project("{9A19103F-16F7-4668-BE54-9A1E7A4F7556}") = "Hl.Customer.Application", "src\Servers\Customer\Hl.Customer.Application\Hl.Customer.Application.csproj", "{81F89914-B82A-4472-9DC6-0A8F9E55FFD8}"
EndProject
Project("{9A19103F-16F7-4668-BE54-9A1E7A4F7556}") = "Hl.Identity.ServerHost", "src\Servers\Identity\Hl.Identity.ServerHost\Hl.Identity.ServerHost.csproj", "{375CA93A-5654-4FF4-9D80-921881B9D1A9}"
EndProject
Project("{9A19103F-16F7-4668-BE54-9A1E7A4F7556}") = "Hl.Identity.IApplication", "src\Servers\Identity\Hl.Identity.IApplication\Hl.Identity.IApplication.csproj", "{A56A8D68-1558-4406-9BFA-01288D57256E}"
EndProject
Project("{9A19103F-16F7-4668-BE54-9A1E7A4F7556}") = "Hl.Identity.Application", "src\Servers\Identity\Hl.Identity.Application\Hl.Identity.Application.csproj", "{A67F736E-FA82-4773-808F-2C7566F70426}"
EndProject
Project("{9A19103F-16F7-4668-BE54-9A1E7A4F7556}") = "Hl.Identity.Domain", "src\Servers\Identity\Hl.Identity.Domain\Hl.Identity.Domain.csproj", "{50CAE4E6-47DD-465F-A3A2-DB2B48A2743F}"
EndProject
Project("{9A19103F-16F7-4668-BE54-9A1E7A4F7556}") = "Hl.Order.ServerHost", "src\Servers\Order\Hl.Order.ServerHost\Hl.Order.ServerHost.csproj", "{25DBBC71-454E-4554-8F48-0BDEC568A712}"
EndProject
Project("{9A19103F-16F7-4668-BE54-9A1E7A4F7556}") = "Hl.Order.IApplication", "src\Servers\Order\Hl.Order.IApplication\Hl.Order.IApplication.csproj", "{27C502FA-D849-400D-A819-AC56556ED472}"
EndProject
Project("{9A19103F-16F7-4668-BE54-9A1E7A4F7556}") = "Hl.Order.Application", "src\Servers\Order\Hl.Order.Application\Hl.Order.Application.csproj", "{CE0FFFDC-9322-4932-B417-3C3EFF8CB972}"
EndProject
Project("{9A19103F-16F7-4668-BE54-9A1E7A4F7556}") = "Hl.Order.Domain", "src\Servers\Order\Hl.Order.Domain\Hl.Order.Domain.csproj", "{FEFE009A-7201-43D5-A0DA-D940CF5BB269}"
EndProject
Project("{9A19103F-16F7-4668-BE54-9A1E7A4F7556}") = "Hl.Product.ServerHost", "src\Servers\Product\Hl.Product.ServerHost\Hl.Product.ServerHost.csproj", "{F59309BB-0865-469B-8FA1-456A3D1C05D5}"
EndProject
Project("{9A19103F-16F7-4668-BE54-9A1E7A4F7556}") = "Hl.Product.IApplication", "src\Servers\Product\Hl.Product.IApplication\Hl.Product.IApplication.csproj", "{462C4A27-BBB6-4B83-883D-7478807CB3A7}"
EndProject
Project("{9A19103F-16F7-4668-BE54-9A1E7A4F7556}") = "Hl.Product.Application", "src\Servers\Product\Hl.Product.Application\Hl.Product.Application.csproj", "{96894CA3-DE5E-4D7D-B923-B405A878D7BB}"
EndProject
Project("{9A19103F-16F7-4668-BE54-9A1E7A4F7556}") = "Hl.Product.Domain", "src\Servers\Product\Hl.Product.Domain\Hl.Product.Domain.csproj", "{714A493A-2BB2-4CB7-B94D-DD983C259967}"
EndProject
Project("{9A19103F-16F7-4668-BE54-9A1E7A4F7556}") = "Hl.Stock.ServerHost", "src\Servers\Stock\Hl.Stock.ServerHost\Hl.Stock.ServerHost.csproj", "{B4343804-1BB2-4B1B-A1CB-4AD241E54D04}"
EndProject
Project("{9A19103F-16F7-4668-BE54-9A1E7A4F7556}") = "Hl.Stock.IApplication", "src\Servers\Stock\Hl.Stock.IApplication\Hl.Stock.IApplication.csproj", "{76011A3F-CD69-4633-A51A-5E8688A211CF}"
EndProject
Project("{9A19103F-16F7-4668-BE54-9A1E7A4F7556}") = "Hl.Stock.Application", "src\Servers\Stock\Hl.Stock.Application\Hl.Stock.Application.csproj", "{A215FADB-B8CD-4F64-AC9B-E2FCC6B779B3}"
EndProject
Project("{9A19103F-16F7-4668-BE54-9A1E7A4F7556}") = "Hl.Stock.Domain", "src\Servers\Stock\Hl.Stock.Domain\Hl.Stock.Domain.csproj", "{3F55957D-6C0E-46E0-BA3A-3277BA490DD7}"
EndProject
Project("{9A19103F-16F7-4668-BE54-9A1E7A4F7556}") = "Hl.SystemManager.ServerHost", "src\Servers\SystemManager\Hl.SystemManager.ServerHost\Hl.SystemManager.ServerHost.csproj", "{41878086-0E59-402E-AC0F-DDF453207CA9}"
EndProject
Project("{9A19103F-16F7-4668-BE54-9A1E7A4F7556}") = "Hl.SystemManager.IApplication", "src\Servers\SystemManager\Hl.SystemManager.IApplication\Hl.SystemManager.IApplication.csproj", "{85A5338F-9B9B-4349-B393-8EC03CCC7CCE}"
EndProject
Project("{9A19103F-16F7-4668-BE54-9A1E7A4F7556}") = "Hl.SystemManager.Application", "src\Servers\SystemManager\Hl.SystemManager.Application\Hl.SystemManager.Application.csproj", "{ACC1F233-6B80-4CE8-9C5F-27FC2A053E25}"
EndProject
Project("{9A19103F-16F7-4668-BE54-9A1E7A4F7556}") = "Hl.SystemManager.Domain", "src\Servers\SystemManager\Hl.SystemManager.Domain\Hl.SystemManager.Domain.csproj", "{051C07C9-86BE-4F90-9B50-8560158D0CCB}"
EndProject
Project("{2150E333-8FDC-42A3-9474-1A3956D46DE8}") = "WsServer", "WsServer", "{E9E6A582-9503-467D-8A0A-009F9B1FAA56}"
EndProject
Project("{9A19103F-16F7-4668-BE54-9A1E7A4F7556}") = "Hl.Ws.ServerHost", "src\Servers\WsServer\Hl.Ws.ServerHost\Hl.Ws.ServerHost.csproj", "{ACC27C74-192A-4B9E-828A-407184DF8094}"
EndProject
Project("{9A19103F-16F7-4668-BE54-9A1E7A4F7556}") = "Hl.Ws.IApplication", "src\Servers\WsServer\Hl.Ws.IApplication\Hl.Ws.IApplication.csproj", "{E09B60C1-1522-47AA-A3A8-BF3BF59FFECA}"
EndProject
Project("{9A19103F-16F7-4668-BE54-9A1E7A4F7556}") = "Hl.Ws.Application", "src\Servers\WsServer\Hl.Ws.Application\Hl.Ws.Application.csproj", "{A47D8512-2C6B-4BAA-9275-9A1673E42F85}"
EndProject
Project("{9A19103F-16F7-4668-BE54-9A1E7A4F7556}") = "Hl.Ws.Domain", "src\Servers\WsServer\Hl.Ws.Domain\Hl.Ws.Domain.csproj", "{7270286B-00A6-4750-BB32-7DB4C6A4A717}"
EndProject
Project("{2150E333-8FDC-42A3-9474-1A3956D46DE8}") = "Schedule", "Schedule", "{DC7959F9-6F18-4220-B69A-760EBC44CC20}"
EndProject
Project("{9A19103F-16F7-4668-BE54-9A1E7A4F7556}") = "Hl.Schedule.ServerHost", "src\Servers\Schedule\Hl.Schedule.ServerHost\Hl.Schedule.ServerHost.csproj", "{78D29B45-C4D9-406D-83A8-E4D694DD60C4}"
EndProject
Project("{9A19103F-16F7-4668-BE54-9A1E7A4F7556}") = "Hl.Schedule.IApplication", "src\Servers\Schedule\Hl.Schedule.IApplication\Hl.Schedule.IApplication.csproj", "{F2F903EB-B3E8-411C-A3B1-90560585B923}"
EndProject
Project("{9A19103F-16F7-4668-BE54-9A1E7A4F7556}") = "Hl.Schedule.Application", "src\Servers\Schedule\Hl.Schedule.Application\Hl.Schedule.Application.csproj", "{840A4430-B4BA-414A-A986-3C3446D50D38}"
EndProject
Project("{9A19103F-16F7-4668-BE54-9A1E7A4F7556}") = "Hl.Schedule.Domain", "src\Servers\Schedule\Hl.Schedule.Domain\Hl.Schedule.Domain.csproj", "{E38B822E-B5A8-4651-A6FA-92A261454678}"
EndProject
Project("{2150E333-8FDC-42A3-9474-1A3956D46DE8}") = "Shares", "Shares", "{A78BF379-20F5-45D3-A6ED-FF0226AEA935}"
	ProjectSection(SolutionItems) = preProject
		src\Shares\CSharpScripts\Program.cs = src\Shares\CSharpScripts\Program.cs
		src\Shares\CSharpScripts\ScheduleProgram.cs = src\Shares\CSharpScripts\ScheduleProgram.cs
		src\Shares\CSharpScripts\Startup.cs = src\Shares\CSharpScripts\Startup.cs
		src\Shares\CSharpScripts\SurgingServiceEngine.cs = src\Shares\CSharpScripts\SurgingServiceEngine.cs
	EndProjectSection
EndProject
Project("{2150E333-8FDC-42A3-9474-1A3956D46DE8}") = "Configs", "Configs", "{912DDE6A-7149-4619-AFFB-36DA7273F994}"
	ProjectSection(SolutionItems) = preProject
		src\Shares\Configs\cacheSettings.json = src\Shares\Configs\cacheSettings.json
		src\Shares\Configs\consul.json = src\Shares\Configs\consul.json
		src\Shares\Configs\eventBusSettings.json = src\Shares\Configs\eventBusSettings.json
		src\Shares\Configs\NLog.config = src\Shares\Configs\NLog.config
		src\Shares\Configs\surgingSettings.json = src\Shares\Configs\surgingSettings.json
	EndProjectSection
EndProject
Project("{2150E333-8FDC-42A3-9474-1A3956D46DE8}") = "Props", "Props", "{7600A862-6A17-4E16-8E98-588F38BF2EDD}"
	ProjectSection(SolutionItems) = preProject
		src\Shares\Props\applicationpackage.props = src\Shares\Props\applicationpackage.props
		src\Shares\Props\common.props = src\Shares\Props\common.props
		src\Shares\Props\domainpackage.props = src\Shares\Props\domainpackage.props
		src\Shares\Props\hostpackage.props = src\Shares\Props\hostpackage.props
	EndProjectSection
EndProject
Project("{9A19103F-16F7-4668-BE54-9A1E7A4F7556}") = "Hl.Customer.Domain", "src\Servers\Customer\Hl.Customer.Domain\Hl.Customer.Domain.csproj", "{975E20D5-52D2-4480-A8E1-53B6DBA3E376}"
EndProject
Global
	GlobalSection(SolutionConfigurationPlatforms) = preSolution
		Debug|Any CPU = Debug|Any CPU
		Release|Any CPU = Release|Any CPU
	EndGlobalSection
	GlobalSection(ProjectConfigurationPlatforms) = postSolution
		{0B334E59-B695-4A59-B816-0B7C82BCEDCF}.Debug|Any CPU.ActiveCfg = Debug|Any CPU
		{0B334E59-B695-4A59-B816-0B7C82BCEDCF}.Debug|Any CPU.Build.0 = Debug|Any CPU
		{0B334E59-B695-4A59-B816-0B7C82BCEDCF}.Release|Any CPU.ActiveCfg = Release|Any CPU
		{0B334E59-B695-4A59-B816-0B7C82BCEDCF}.Release|Any CPU.Build.0 = Release|Any CPU
		{03D50BB1-683F-4265-A8B3-A7A49B14E7EE}.Debug|Any CPU.ActiveCfg = Debug|Any CPU
		{03D50BB1-683F-4265-A8B3-A7A49B14E7EE}.Debug|Any CPU.Build.0 = Debug|Any CPU
		{03D50BB1-683F-4265-A8B3-A7A49B14E7EE}.Release|Any CPU.ActiveCfg = Release|Any CPU
		{03D50BB1-683F-4265-A8B3-A7A49B14E7EE}.Release|Any CPU.Build.0 = Release|Any CPU
		{E29C46B9-F68D-470C-9D65-93691938CA35}.Debug|Any CPU.ActiveCfg = Debug|Any CPU
		{E29C46B9-F68D-470C-9D65-93691938CA35}.Debug|Any CPU.Build.0 = Debug|Any CPU
		{E29C46B9-F68D-470C-9D65-93691938CA35}.Release|Any CPU.ActiveCfg = Release|Any CPU
		{E29C46B9-F68D-470C-9D65-93691938CA35}.Release|Any CPU.Build.0 = Release|Any CPU
		{E2CB7E89-44F5-4855-AA3A-3887495E2A7F}.Debug|Any CPU.ActiveCfg = Debug|Any CPU
		{E2CB7E89-44F5-4855-AA3A-3887495E2A7F}.Debug|Any CPU.Build.0 = Debug|Any CPU
		{E2CB7E89-44F5-4855-AA3A-3887495E2A7F}.Release|Any CPU.ActiveCfg = Release|Any CPU
		{E2CB7E89-44F5-4855-AA3A-3887495E2A7F}.Release|Any CPU.Build.0 = Release|Any CPU
		{81F89914-B82A-4472-9DC6-0A8F9E55FFD8}.Debug|Any CPU.ActiveCfg = Debug|Any CPU
		{81F89914-B82A-4472-9DC6-0A8F9E55FFD8}.Debug|Any CPU.Build.0 = Debug|Any CPU
		{81F89914-B82A-4472-9DC6-0A8F9E55FFD8}.Release|Any CPU.ActiveCfg = Release|Any CPU
		{81F89914-B82A-4472-9DC6-0A8F9E55FFD8}.Release|Any CPU.Build.0 = Release|Any CPU
		{375CA93A-5654-4FF4-9D80-921881B9D1A9}.Debug|Any CPU.ActiveCfg = Debug|Any CPU
		{375CA93A-5654-4FF4-9D80-921881B9D1A9}.Debug|Any CPU.Build.0 = Debug|Any CPU
		{375CA93A-5654-4FF4-9D80-921881B9D1A9}.Release|Any CPU.ActiveCfg = Release|Any CPU
		{375CA93A-5654-4FF4-9D80-921881B9D1A9}.Release|Any CPU.Build.0 = Release|Any CPU
		{A56A8D68-1558-4406-9BFA-01288D57256E}.Debug|Any CPU.ActiveCfg = Debug|Any CPU
		{A56A8D68-1558-4406-9BFA-01288D57256E}.Debug|Any CPU.Build.0 = Debug|Any CPU
		{A56A8D68-1558-4406-9BFA-01288D57256E}.Release|Any CPU.ActiveCfg = Release|Any CPU
		{A56A8D68-1558-4406-9BFA-01288D57256E}.Release|Any CPU.Build.0 = Release|Any CPU
		{A67F736E-FA82-4773-808F-2C7566F70426}.Debug|Any CPU.ActiveCfg = Debug|Any CPU
		{A67F736E-FA82-4773-808F-2C7566F70426}.Debug|Any CPU.Build.0 = Debug|Any CPU
		{A67F736E-FA82-4773-808F-2C7566F70426}.Release|Any CPU.ActiveCfg = Release|Any CPU
		{A67F736E-FA82-4773-808F-2C7566F70426}.Release|Any CPU.Build.0 = Release|Any CPU
		{50CAE4E6-47DD-465F-A3A2-DB2B48A2743F}.Debug|Any CPU.ActiveCfg = Debug|Any CPU
		{50CAE4E6-47DD-465F-A3A2-DB2B48A2743F}.Debug|Any CPU.Build.0 = Debug|Any CPU
		{50CAE4E6-47DD-465F-A3A2-DB2B48A2743F}.Release|Any CPU.ActiveCfg = Release|Any CPU
		{50CAE4E6-47DD-465F-A3A2-DB2B48A2743F}.Release|Any CPU.Build.0 = Release|Any CPU
		{25DBBC71-454E-4554-8F48-0BDEC568A712}.Debug|Any CPU.ActiveCfg = Debug|Any CPU
		{25DBBC71-454E-4554-8F48-0BDEC568A712}.Debug|Any CPU.Build.0 = Debug|Any CPU
		{25DBBC71-454E-4554-8F48-0BDEC568A712}.Release|Any CPU.ActiveCfg = Release|Any CPU
		{25DBBC71-454E-4554-8F48-0BDEC568A712}.Release|Any CPU.Build.0 = Release|Any CPU
		{27C502FA-D849-400D-A819-AC56556ED472}.Debug|Any CPU.ActiveCfg = Debug|Any CPU
		{27C502FA-D849-400D-A819-AC56556ED472}.Debug|Any CPU.Build.0 = Debug|Any CPU
		{27C502FA-D849-400D-A819-AC56556ED472}.Release|Any CPU.ActiveCfg = Release|Any CPU
		{27C502FA-D849-400D-A819-AC56556ED472}.Release|Any CPU.Build.0 = Release|Any CPU
		{CE0FFFDC-9322-4932-B417-3C3EFF8CB972}.Debug|Any CPU.ActiveCfg = Debug|Any CPU
		{CE0FFFDC-9322-4932-B417-3C3EFF8CB972}.Debug|Any CPU.Build.0 = Debug|Any CPU
		{CE0FFFDC-9322-4932-B417-3C3EFF8CB972}.Release|Any CPU.ActiveCfg = Release|Any CPU
		{CE0FFFDC-9322-4932-B417-3C3EFF8CB972}.Release|Any CPU.Build.0 = Release|Any CPU
		{FEFE009A-7201-43D5-A0DA-D940CF5BB269}.Debug|Any CPU.ActiveCfg = Debug|Any CPU
		{FEFE009A-7201-43D5-A0DA-D940CF5BB269}.Debug|Any CPU.Build.0 = Debug|Any CPU
		{FEFE009A-7201-43D5-A0DA-D940CF5BB269}.Release|Any CPU.ActiveCfg = Release|Any CPU
		{FEFE009A-7201-43D5-A0DA-D940CF5BB269}.Release|Any CPU.Build.0 = Release|Any CPU
		{F59309BB-0865-469B-8FA1-456A3D1C05D5}.Debug|Any CPU.ActiveCfg = Debug|Any CPU
		{F59309BB-0865-469B-8FA1-456A3D1C05D5}.Debug|Any CPU.Build.0 = Debug|Any CPU
		{F59309BB-0865-469B-8FA1-456A3D1C05D5}.Release|Any CPU.ActiveCfg = Release|Any CPU
		{F59309BB-0865-469B-8FA1-456A3D1C05D5}.Release|Any CPU.Build.0 = Release|Any CPU
		{462C4A27-BBB6-4B83-883D-7478807CB3A7}.Debug|Any CPU.ActiveCfg = Debug|Any CPU
		{462C4A27-BBB6-4B83-883D-7478807CB3A7}.Debug|Any CPU.Build.0 = Debug|Any CPU
		{462C4A27-BBB6-4B83-883D-7478807CB3A7}.Release|Any CPU.ActiveCfg = Release|Any CPU
		{462C4A27-BBB6-4B83-883D-7478807CB3A7}.Release|Any CPU.Build.0 = Release|Any CPU
		{96894CA3-DE5E-4D7D-B923-B405A878D7BB}.Debug|Any CPU.ActiveCfg = Debug|Any CPU
		{96894CA3-DE5E-4D7D-B923-B405A878D7BB}.Debug|Any CPU.Build.0 = Debug|Any CPU
		{96894CA3-DE5E-4D7D-B923-B405A878D7BB}.Release|Any CPU.ActiveCfg = Release|Any CPU
		{96894CA3-DE5E-4D7D-B923-B405A878D7BB}.Release|Any CPU.Build.0 = Release|Any CPU
		{714A493A-2BB2-4CB7-B94D-DD983C259967}.Debug|Any CPU.ActiveCfg = Debug|Any CPU
		{714A493A-2BB2-4CB7-B94D-DD983C259967}.Debug|Any CPU.Build.0 = Debug|Any CPU
		{714A493A-2BB2-4CB7-B94D-DD983C259967}.Release|Any CPU.ActiveCfg = Release|Any CPU
		{714A493A-2BB2-4CB7-B94D-DD983C259967}.Release|Any CPU.Build.0 = Release|Any CPU
		{B4343804-1BB2-4B1B-A1CB-4AD241E54D04}.Debug|Any CPU.ActiveCfg = Debug|Any CPU
		{B4343804-1BB2-4B1B-A1CB-4AD241E54D04}.Debug|Any CPU.Build.0 = Debug|Any CPU
		{B4343804-1BB2-4B1B-A1CB-4AD241E54D04}.Release|Any CPU.ActiveCfg = Release|Any CPU
		{B4343804-1BB2-4B1B-A1CB-4AD241E54D04}.Release|Any CPU.Build.0 = Release|Any CPU
		{76011A3F-CD69-4633-A51A-5E8688A211CF}.Debug|Any CPU.ActiveCfg = Debug|Any CPU
		{76011A3F-CD69-4633-A51A-5E8688A211CF}.Debug|Any CPU.Build.0 = Debug|Any CPU
		{76011A3F-CD69-4633-A51A-5E8688A211CF}.Release|Any CPU.ActiveCfg = Release|Any CPU
		{76011A3F-CD69-4633-A51A-5E8688A211CF}.Release|Any CPU.Build.0 = Release|Any CPU
		{A215FADB-B8CD-4F64-AC9B-E2FCC6B779B3}.Debug|Any CPU.ActiveCfg = Debug|Any CPU
		{A215FADB-B8CD-4F64-AC9B-E2FCC6B779B3}.Debug|Any CPU.Build.0 = Debug|Any CPU
		{A215FADB-B8CD-4F64-AC9B-E2FCC6B779B3}.Release|Any CPU.ActiveCfg = Release|Any CPU
		{A215FADB-B8CD-4F64-AC9B-E2FCC6B779B3}.Release|Any CPU.Build.0 = Release|Any CPU
		{3F55957D-6C0E-46E0-BA3A-3277BA490DD7}.Debug|Any CPU.ActiveCfg = Debug|Any CPU
		{3F55957D-6C0E-46E0-BA3A-3277BA490DD7}.Debug|Any CPU.Build.0 = Debug|Any CPU
		{3F55957D-6C0E-46E0-BA3A-3277BA490DD7}.Release|Any CPU.ActiveCfg = Release|Any CPU
		{3F55957D-6C0E-46E0-BA3A-3277BA490DD7}.Release|Any CPU.Build.0 = Release|Any CPU
		{41878086-0E59-402E-AC0F-DDF453207CA9}.Debug|Any CPU.ActiveCfg = Debug|Any CPU
		{41878086-0E59-402E-AC0F-DDF453207CA9}.Debug|Any CPU.Build.0 = Debug|Any CPU
		{41878086-0E59-402E-AC0F-DDF453207CA9}.Release|Any CPU.ActiveCfg = Release|Any CPU
		{41878086-0E59-402E-AC0F-DDF453207CA9}.Release|Any CPU.Build.0 = Release|Any CPU
		{85A5338F-9B9B-4349-B393-8EC03CCC7CCE}.Debug|Any CPU.ActiveCfg = Debug|Any CPU
		{85A5338F-9B9B-4349-B393-8EC03CCC7CCE}.Debug|Any CPU.Build.0 = Debug|Any CPU
		{85A5338F-9B9B-4349-B393-8EC03CCC7CCE}.Release|Any CPU.ActiveCfg = Release|Any CPU
		{85A5338F-9B9B-4349-B393-8EC03CCC7CCE}.Release|Any CPU.Build.0 = Release|Any CPU
		{ACC1F233-6B80-4CE8-9C5F-27FC2A053E25}.Debug|Any CPU.ActiveCfg = Debug|Any CPU
		{ACC1F233-6B80-4CE8-9C5F-27FC2A053E25}.Debug|Any CPU.Build.0 = Debug|Any CPU
		{ACC1F233-6B80-4CE8-9C5F-27FC2A053E25}.Release|Any CPU.ActiveCfg = Release|Any CPU
		{ACC1F233-6B80-4CE8-9C5F-27FC2A053E25}.Release|Any CPU.Build.0 = Release|Any CPU
		{051C07C9-86BE-4F90-9B50-8560158D0CCB}.Debug|Any CPU.ActiveCfg = Debug|Any CPU
		{051C07C9-86BE-4F90-9B50-8560158D0CCB}.Debug|Any CPU.Build.0 = Debug|Any CPU
		{051C07C9-86BE-4F90-9B50-8560158D0CCB}.Release|Any CPU.ActiveCfg = Release|Any CPU
		{051C07C9-86BE-4F90-9B50-8560158D0CCB}.Release|Any CPU.Build.0 = Release|Any CPU
		{ACC27C74-192A-4B9E-828A-407184DF8094}.Debug|Any CPU.ActiveCfg = Debug|Any CPU
		{ACC27C74-192A-4B9E-828A-407184DF8094}.Debug|Any CPU.Build.0 = Debug|Any CPU
		{ACC27C74-192A-4B9E-828A-407184DF8094}.Release|Any CPU.ActiveCfg = Release|Any CPU
		{ACC27C74-192A-4B9E-828A-407184DF8094}.Release|Any CPU.Build.0 = Release|Any CPU
		{E09B60C1-1522-47AA-A3A8-BF3BF59FFECA}.Debug|Any CPU.ActiveCfg = Debug|Any CPU
		{E09B60C1-1522-47AA-A3A8-BF3BF59FFECA}.Debug|Any CPU.Build.0 = Debug|Any CPU
		{E09B60C1-1522-47AA-A3A8-BF3BF59FFECA}.Release|Any CPU.ActiveCfg = Release|Any CPU
		{E09B60C1-1522-47AA-A3A8-BF3BF59FFECA}.Release|Any CPU.Build.0 = Release|Any CPU
		{A47D8512-2C6B-4BAA-9275-9A1673E42F85}.Debug|Any CPU.ActiveCfg = Debug|Any CPU
		{A47D8512-2C6B-4BAA-9275-9A1673E42F85}.Debug|Any CPU.Build.0 = Debug|Any CPU
		{A47D8512-2C6B-4BAA-9275-9A1673E42F85}.Release|Any CPU.ActiveCfg = Release|Any CPU
		{A47D8512-2C6B-4BAA-9275-9A1673E42F85}.Release|Any CPU.Build.0 = Release|Any CPU
		{7270286B-00A6-4750-BB32-7DB4C6A4A717}.Debug|Any CPU.ActiveCfg = Debug|Any CPU
		{7270286B-00A6-4750-BB32-7DB4C6A4A717}.Debug|Any CPU.Build.0 = Debug|Any CPU
		{7270286B-00A6-4750-BB32-7DB4C6A4A717}.Release|Any CPU.ActiveCfg = Release|Any CPU
		{7270286B-00A6-4750-BB32-7DB4C6A4A717}.Release|Any CPU.Build.0 = Release|Any CPU
		{78D29B45-C4D9-406D-83A8-E4D694DD60C4}.Debug|Any CPU.ActiveCfg = Debug|Any CPU
		{78D29B45-C4D9-406D-83A8-E4D694DD60C4}.Debug|Any CPU.Build.0 = Debug|Any CPU
		{78D29B45-C4D9-406D-83A8-E4D694DD60C4}.Release|Any CPU.ActiveCfg = Release|Any CPU
		{78D29B45-C4D9-406D-83A8-E4D694DD60C4}.Release|Any CPU.Build.0 = Release|Any CPU
		{F2F903EB-B3E8-411C-A3B1-90560585B923}.Debug|Any CPU.ActiveCfg = Debug|Any CPU
		{F2F903EB-B3E8-411C-A3B1-90560585B923}.Debug|Any CPU.Build.0 = Debug|Any CPU
		{F2F903EB-B3E8-411C-A3B1-90560585B923}.Release|Any CPU.ActiveCfg = Release|Any CPU
		{F2F903EB-B3E8-411C-A3B1-90560585B923}.Release|Any CPU.Build.0 = Release|Any CPU
		{840A4430-B4BA-414A-A986-3C3446D50D38}.Debug|Any CPU.ActiveCfg = Debug|Any CPU
		{840A4430-B4BA-414A-A986-3C3446D50D38}.Debug|Any CPU.Build.0 = Debug|Any CPU
		{840A4430-B4BA-414A-A986-3C3446D50D38}.Release|Any CPU.ActiveCfg = Release|Any CPU
		{840A4430-B4BA-414A-A986-3C3446D50D38}.Release|Any CPU.Build.0 = Release|Any CPU
		{E38B822E-B5A8-4651-A6FA-92A261454678}.Debug|Any CPU.ActiveCfg = Debug|Any CPU
		{E38B822E-B5A8-4651-A6FA-92A261454678}.Debug|Any CPU.Build.0 = Debug|Any CPU
		{E38B822E-B5A8-4651-A6FA-92A261454678}.Release|Any CPU.ActiveCfg = Release|Any CPU
		{E38B822E-B5A8-4651-A6FA-92A261454678}.Release|Any CPU.Build.0 = Release|Any CPU
		{975E20D5-52D2-4480-A8E1-53B6DBA3E376}.Debug|Any CPU.ActiveCfg = Debug|Any CPU
		{975E20D5-52D2-4480-A8E1-53B6DBA3E376}.Debug|Any CPU.Build.0 = Debug|Any CPU
		{975E20D5-52D2-4480-A8E1-53B6DBA3E376}.Release|Any CPU.ActiveCfg = Release|Any CPU
		{975E20D5-52D2-4480-A8E1-53B6DBA3E376}.Release|Any CPU.Build.0 = Release|Any CPU
	EndGlobalSection
	GlobalSection(SolutionProperties) = preSolution
		HideSolutionNode = FALSE
	EndGlobalSection
	GlobalSection(NestedProjects) = preSolution
		{35C1C8D3-74EA-49EA-BDC8-6F75A58E1ECB} = {D6B27ECF-3BCD-41A2-ACB1-E49D6930B289}
		{99EACE57-4CE7-4DAA-9C7C-57980D80EC4A} = {35C1C8D3-74EA-49EA-BDC8-6F75A58E1ECB}
		{EE227FD5-5686-4611-A6DA-975BAD82910A} = {35C1C8D3-74EA-49EA-BDC8-6F75A58E1ECB}
		{5DA2851C-F88A-4E5B-84B1-B2ABF7B63969} = {35C1C8D3-74EA-49EA-BDC8-6F75A58E1ECB}
		{2FB4AA38-105B-4B33-8F4B-3063D0DABA67} = {35C1C8D3-74EA-49EA-BDC8-6F75A58E1ECB}
		{5FE192E1-B33B-490C-9F2D-DAE1C1B1555A} = {35C1C8D3-74EA-49EA-BDC8-6F75A58E1ECB}
		{8F4C34B7-54BE-4D40-9165-0A2ABFFBEBC4} = {D6B27ECF-3BCD-41A2-ACB1-E49D6930B289}
		{0B334E59-B695-4A59-B816-0B7C82BCEDCF} = {8F4C34B7-54BE-4D40-9165-0A2ABFFBEBC4}
		{03D50BB1-683F-4265-A8B3-A7A49B14E7EE} = {8F4C34B7-54BE-4D40-9165-0A2ABFFBEBC4}
		{81F0C8A4-BA97-4B62-9CCD-FEC1B85D7149} = {35C1C8D3-74EA-49EA-BDC8-6F75A58E1ECB}
		{E29C46B9-F68D-470C-9D65-93691938CA35} = {5DA2851C-F88A-4E5B-84B1-B2ABF7B63969}
		{E2CB7E89-44F5-4855-AA3A-3887495E2A7F} = {5DA2851C-F88A-4E5B-84B1-B2ABF7B63969}
		{81F89914-B82A-4472-9DC6-0A8F9E55FFD8} = {5DA2851C-F88A-4E5B-84B1-B2ABF7B63969}
		{375CA93A-5654-4FF4-9D80-921881B9D1A9} = {EE227FD5-5686-4611-A6DA-975BAD82910A}
		{A56A8D68-1558-4406-9BFA-01288D57256E} = {EE227FD5-5686-4611-A6DA-975BAD82910A}
		{A67F736E-FA82-4773-808F-2C7566F70426} = {EE227FD5-5686-4611-A6DA-975BAD82910A}
		{50CAE4E6-47DD-465F-A3A2-DB2B48A2743F} = {EE227FD5-5686-4611-A6DA-975BAD82910A}
		{25DBBC71-454E-4554-8F48-0BDEC568A712} = {5FE192E1-B33B-490C-9F2D-DAE1C1B1555A}
		{27C502FA-D849-400D-A819-AC56556ED472} = {5FE192E1-B33B-490C-9F2D-DAE1C1B1555A}
		{CE0FFFDC-9322-4932-B417-3C3EFF8CB972} = {5FE192E1-B33B-490C-9F2D-DAE1C1B1555A}
		{FEFE009A-7201-43D5-A0DA-D940CF5BB269} = {5FE192E1-B33B-490C-9F2D-DAE1C1B1555A}
		{F59309BB-0865-469B-8FA1-456A3D1C05D5} = {2FB4AA38-105B-4B33-8F4B-3063D0DABA67}
		{462C4A27-BBB6-4B83-883D-7478807CB3A7} = {2FB4AA38-105B-4B33-8F4B-3063D0DABA67}
		{96894CA3-DE5E-4D7D-B923-B405A878D7BB} = {2FB4AA38-105B-4B33-8F4B-3063D0DABA67}
		{714A493A-2BB2-4CB7-B94D-DD983C259967} = {2FB4AA38-105B-4B33-8F4B-3063D0DABA67}
		{B4343804-1BB2-4B1B-A1CB-4AD241E54D04} = {81F0C8A4-BA97-4B62-9CCD-FEC1B85D7149}
		{76011A3F-CD69-4633-A51A-5E8688A211CF} = {81F0C8A4-BA97-4B62-9CCD-FEC1B85D7149}
		{A215FADB-B8CD-4F64-AC9B-E2FCC6B779B3} = {81F0C8A4-BA97-4B62-9CCD-FEC1B85D7149}
		{3F55957D-6C0E-46E0-BA3A-3277BA490DD7} = {81F0C8A4-BA97-4B62-9CCD-FEC1B85D7149}
		{41878086-0E59-402E-AC0F-DDF453207CA9} = {99EACE57-4CE7-4DAA-9C7C-57980D80EC4A}
		{85A5338F-9B9B-4349-B393-8EC03CCC7CCE} = {99EACE57-4CE7-4DAA-9C7C-57980D80EC4A}
		{ACC1F233-6B80-4CE8-9C5F-27FC2A053E25} = {99EACE57-4CE7-4DAA-9C7C-57980D80EC4A}
		{051C07C9-86BE-4F90-9B50-8560158D0CCB} = {99EACE57-4CE7-4DAA-9C7C-57980D80EC4A}
		{E9E6A582-9503-467D-8A0A-009F9B1FAA56} = {35C1C8D3-74EA-49EA-BDC8-6F75A58E1ECB}
		{ACC27C74-192A-4B9E-828A-407184DF8094} = {E9E6A582-9503-467D-8A0A-009F9B1FAA56}
		{E09B60C1-1522-47AA-A3A8-BF3BF59FFECA} = {E9E6A582-9503-467D-8A0A-009F9B1FAA56}
		{A47D8512-2C6B-4BAA-9275-9A1673E42F85} = {E9E6A582-9503-467D-8A0A-009F9B1FAA56}
		{7270286B-00A6-4750-BB32-7DB4C6A4A717} = {E9E6A582-9503-467D-8A0A-009F9B1FAA56}
		{DC7959F9-6F18-4220-B69A-760EBC44CC20} = {35C1C8D3-74EA-49EA-BDC8-6F75A58E1ECB}
		{78D29B45-C4D9-406D-83A8-E4D694DD60C4} = {DC7959F9-6F18-4220-B69A-760EBC44CC20}
		{F2F903EB-B3E8-411C-A3B1-90560585B923} = {DC7959F9-6F18-4220-B69A-760EBC44CC20}
		{840A4430-B4BA-414A-A986-3C3446D50D38} = {DC7959F9-6F18-4220-B69A-760EBC44CC20}
		{E38B822E-B5A8-4651-A6FA-92A261454678} = {DC7959F9-6F18-4220-B69A-760EBC44CC20}
		{A78BF379-20F5-45D3-A6ED-FF0226AEA935} = {D0658F8C-8245-4B4E-B34D-45B692E6C2D4}
		{912DDE6A-7149-4619-AFFB-36DA7273F994} = {D0658F8C-8245-4B4E-B34D-45B692E6C2D4}
		{7600A862-6A17-4E16-8E98-588F38BF2EDD} = {D0658F8C-8245-4B4E-B34D-45B692E6C2D4}
		{975E20D5-52D2-4480-A8E1-53B6DBA3E376} = {5DA2851C-F88A-4E5B-84B1-B2ABF7B63969}
	EndGlobalSection
	GlobalSection(ExtensibilityGlobals) = postSolution
		SolutionGuid = {E573E1CD-62D3-4FB5-AE85-74482F0C5D2E}
	EndGlobalSection
EndGlobal
