
Microsoft Visual Studio Solution File, Format Version 12.00
# Visual Studio Version 16
VisualStudioVersion = 16.0.28407.52
MinimumVisualStudioVersion = 10.0.40219.1
Project("{2150E333-8FDC-42A3-9474-1A3956D46DE8}") = "src", "src", "{81FC8438-A7F9-4237-9ADF-A3F9E812D976}"
EndProject
Project("{9A19103F-16F7-4668-BE54-9A1E7A4F7556}") = "Surging.Core.ApiGateWay", "src\Core\Surging.Core.ApiGateWay\Surging.Core.ApiGateWay.csproj", "{87D427C9-BC05-4244-B61E-212581973243}"
EndProject
Project("{9A19103F-16F7-4668-BE54-9A1E7A4F7556}") = "Surging.Core.AutoMapper", "src\Core\Surging.Core.AutoMapper\Surging.Core.AutoMapper.csproj", "{B8648A34-79C7-4653-B5A7-163BA5B551A6}"
EndProject
Project("{9A19103F-16F7-4668-BE54-9A1E7A4F7556}") = "Surging.Core.Caching", "src\Core\Surging.Core.Caching\Surging.Core.Caching.csproj", "{EE083648-F491-4057-BC09-A0D0AF0355D1}"
EndProject
Project("{9A19103F-16F7-4668-BE54-9A1E7A4F7556}") = "Surging.Core.Codec.MessagePack", "src\Core\Surging.Core.Codec.MessagePack\Surging.Core.Codec.MessagePack.csproj", "{FD866871-89C3-4F0D-AB3E-43B3DBF56157}"
EndProject
Project("{9A19103F-16F7-4668-BE54-9A1E7A4F7556}") = "Surging.Core.Codec.ProtoBuffer", "src\Core\Surging.Core.Codec.ProtoBuffer\Surging.Core.Codec.ProtoBuffer.csproj", "{39B1A346-ECBA-4A5D-9153-4F0395FC181B}"
EndProject
Project("{9A19103F-16F7-4668-BE54-9A1E7A4F7556}") = "Surging.Core.Common", "src\Core\Surging.Core.Common\Surging.Core.Common.csproj", "{7308C372-7E1E-4B75-BBE0-7688BDEC43CC}"
EndProject
Project("{9A19103F-16F7-4668-BE54-9A1E7A4F7556}") = "Surging.Core.Consul", "src\Core\Surging.Core.Consul\Surging.Core.Consul.csproj", "{0A727FFC-3D55-4A87-8901-49033EF70561}"
EndProject
Project("{9A19103F-16F7-4668-BE54-9A1E7A4F7556}") = "Surging.Core.CPlatform", "src\Core\Surging.Core.CPlatform\Surging.Core.CPlatform.csproj", "{9070DCC1-8592-4AE5-BA63-5E52D2C48E37}"
EndProject
Project("{9A19103F-16F7-4668-BE54-9A1E7A4F7556}") = "Surging.Core.Dapper", "src\Core\Surging.Core.Dapper\Surging.Core.Dapper.csproj", "{DB104A08-8E11-431F-84C5-6BCBF46A6B59}"
EndProject
Project("{2150E333-8FDC-42A3-9474-1A3956D46DE8}") = "test", "test", "{260A6D41-B229-4FB8-BC5D-49D80854877C}"
EndProject
Project("{9A19103F-16F7-4668-BE54-9A1E7A4F7556}") = "Surging.Core.Domain", "src\Core\Surging.Core.Domain\Surging.Core.Domain.csproj", "{E07E742D-CA2C-4593-AF5B-9749AC2B3B27}"
EndProject
Project("{9A19103F-16F7-4668-BE54-9A1E7A4F7556}") = "Surging.Core.DotNetty", "src\Core\Surging.Core.DotNetty\Surging.Core.DotNetty.csproj", "{2BD7F8BD-4E5B-4C98-A6CE-EE0F343D973A}"
EndProject
Project("{9A19103F-16F7-4668-BE54-9A1E7A4F7556}") = "Surging.Core.EntityFrameworkCore", "src\Core\Surging.Core.EntityFrameworkCore\Surging.Core.EntityFrameworkCore.csproj", "{2233A718-1F3D-47F6-A934-A203BE4A2C31}"
EndProject
Project("{9A19103F-16F7-4668-BE54-9A1E7A4F7556}") = "Surging.Core.EventBusKafka", "src\Core\Surging.Core.EventBusKafka\Surging.Core.EventBusKafka.csproj", "{DDFA011D-5DEF-40B4-AE96-7D6763E1C266}"
EndProject
Project("{9A19103F-16F7-4668-BE54-9A1E7A4F7556}") = "Surging.Core.EventBusRabbitMQ", "src\Core\Surging.Core.EventBusRabbitMQ\Surging.Core.EventBusRabbitMQ.csproj", "{9FC9F6E8-9B7A-4683-8AE7-034BF5DB6A9C}"
EndProject
Project("{9A19103F-16F7-4668-BE54-9A1E7A4F7556}") = "Surging.Core.FluentValidation", "src\Core\Surging.Core.FluentValidation\Surging.Core.FluentValidation.csproj", "{9BB5F402-ADA1-4538-BEED-060254ADE700}"
EndProject
Project("{9A19103F-16F7-4668-BE54-9A1E7A4F7556}") = "Surging.Core.KestrelHttpServer", "src\Core\Surging.Core.KestrelHttpServer\Surging.Core.KestrelHttpServer.csproj", "{28E4FEE2-F90A-46A2-9BDB-DBD8D347EA8D}"
EndProject
Project("{9A19103F-16F7-4668-BE54-9A1E7A4F7556}") = "Surging.Core.Log4net", "src\Core\Surging.Core.Log4net\Surging.Core.Log4net.csproj", "{4DF55377-A495-48AB-B7A2-951B9E6C861B}"
EndProject
Project("{9A19103F-16F7-4668-BE54-9A1E7A4F7556}") = "Surging.Core.MailKit", "src\Core\Surging.Core.MailKit\Surging.Core.MailKit.csproj", "{B953B70E-56D6-4D8A-B8F5-B5C240DB218F}"
EndProject
Project("{9A19103F-16F7-4668-BE54-9A1E7A4F7556}") = "Surging.Core.Nlog", "src\Core\Surging.Core.NLog\Surging.Core.Nlog.csproj", "{1A1BE6CF-D3DD-4E2C-9809-EC334CE72414}"
EndProject
Project("{9A19103F-16F7-4668-BE54-9A1E7A4F7556}") = "Surging.Core.Protocol.Http", "src\Core\Surging.Core.Protocol.Http\Surging.Core.Protocol.Http.csproj", "{49B51A8B-3A50-49A7-B3A5-45B1D2057D7F}"
EndProject
Project("{9A19103F-16F7-4668-BE54-9A1E7A4F7556}") = "Surging.Core.Protocol.WS", "src\Core\Surging.Core.Protocol.WS\Surging.Core.Protocol.WS.csproj", "{8BA60533-8021-40A6-8C1B-94FC8544CF9B}"
EndProject
Project("{9A19103F-16F7-4668-BE54-9A1E7A4F7556}") = "Surging.Core.ProxyGenerator", "src\Core\Surging.Core.ProxyGenerator\Surging.Core.ProxyGenerator.csproj", "{973E42AC-D60C-43A8-9481-EA63DC90A627}"
EndProject
Project("{9A19103F-16F7-4668-BE54-9A1E7A4F7556}") = "Surging.Core.ServiceHosting", "src\Core\Surging.Core.ServiceHosting\Surging.Core.ServiceHosting.csproj", "{26FCDAD6-CF25-4168-998B-F4A96AE048B0}"
EndProject
Project("{9A19103F-16F7-4668-BE54-9A1E7A4F7556}") = "Surging.Core.Swagger", "src\Core\Surging.Core.Swagger\Surging.Core.Swagger.csproj", "{DBB0C0C3-56B7-4C69-A777-7BBFB1AB0DC1}"
EndProject
Project("{9A19103F-16F7-4668-BE54-9A1E7A4F7556}") = "Surging.Core.System", "src\Core\Surging.Core.System\Surging.Core.System.csproj", "{64E06EFF-3554-422C-A35B-6238F2C41532}"
EndProject
Project("{9A19103F-16F7-4668-BE54-9A1E7A4F7556}") = "Surging.Core.Zookeeper", "src\Core\Surging.Core.Zookeeper\Surging.Core.Zookeeper.csproj", "{268A12C0-92E4-4DCA-BE70-041DBAD72F6E}"
EndProject
Project("{9A19103F-16F7-4668-BE54-9A1E7A4F7556}") = "WebSocketCore", "src\Core\WebSocketCore\WebSocketCore.csproj", "{07175BF5-A56E-4C92-9F6B-592A1E41CFE0}"
EndProject
Project("{9A19103F-16F7-4668-BE54-9A1E7A4F7556}") = "Surging.Core.Schedule", "src\Core\Surging.Core.Schedule\Surging.Core.Schedule.csproj", "{718EC8A6-DBA1-4362-A017-D4C881C0394C}"
EndProject
Global
	GlobalSection(SolutionConfigurationPlatforms) = preSolution
		Debug|Any CPU = Debug|Any CPU
		Release|Any CPU = Release|Any CPU
	EndGlobalSection
	GlobalSection(ProjectConfigurationPlatforms) = postSolution
		{87D427C9-BC05-4244-B61E-212581973243}.Debug|Any CPU.ActiveCfg = Debug|Any CPU
		{87D427C9-BC05-4244-B61E-212581973243}.Debug|Any CPU.Build.0 = Debug|Any CPU
		{87D427C9-BC05-4244-B61E-212581973243}.Release|Any CPU.ActiveCfg = Release|Any CPU
		{87D427C9-BC05-4244-B61E-212581973243}.Release|Any CPU.Build.0 = Release|Any CPU
		{B8648A34-79C7-4653-B5A7-163BA5B551A6}.Debug|Any CPU.ActiveCfg = Debug|Any CPU
		{B8648A34-79C7-4653-B5A7-163BA5B551A6}.Debug|Any CPU.Build.0 = Debug|Any CPU
		{B8648A34-79C7-4653-B5A7-163BA5B551A6}.Release|Any CPU.ActiveCfg = Release|Any CPU
		{B8648A34-79C7-4653-B5A7-163BA5B551A6}.Release|Any CPU.Build.0 = Release|Any CPU
		{EE083648-F491-4057-BC09-A0D0AF0355D1}.Debug|Any CPU.ActiveCfg = Debug|Any CPU
		{EE083648-F491-4057-BC09-A0D0AF0355D1}.Debug|Any CPU.Build.0 = Debug|Any CPU
		{EE083648-F491-4057-BC09-A0D0AF0355D1}.Release|Any CPU.ActiveCfg = Release|Any CPU
		{EE083648-F491-4057-BC09-A0D0AF0355D1}.Release|Any CPU.Build.0 = Release|Any CPU
		{FD866871-89C3-4F0D-AB3E-43B3DBF56157}.Debug|Any CPU.ActiveCfg = Debug|Any CPU
		{FD866871-89C3-4F0D-AB3E-43B3DBF56157}.Debug|Any CPU.Build.0 = Debug|Any CPU
		{FD866871-89C3-4F0D-AB3E-43B3DBF56157}.Release|Any CPU.ActiveCfg = Release|Any CPU
		{FD866871-89C3-4F0D-AB3E-43B3DBF56157}.Release|Any CPU.Build.0 = Release|Any CPU
		{39B1A346-ECBA-4A5D-9153-4F0395FC181B}.Debug|Any CPU.ActiveCfg = Debug|Any CPU
		{39B1A346-ECBA-4A5D-9153-4F0395FC181B}.Debug|Any CPU.Build.0 = Debug|Any CPU
		{39B1A346-ECBA-4A5D-9153-4F0395FC181B}.Release|Any CPU.ActiveCfg = Release|Any CPU
		{39B1A346-ECBA-4A5D-9153-4F0395FC181B}.Release|Any CPU.Build.0 = Release|Any CPU
		{7308C372-7E1E-4B75-BBE0-7688BDEC43CC}.Debug|Any CPU.ActiveCfg = Debug|Any CPU
		{7308C372-7E1E-4B75-BBE0-7688BDEC43CC}.Debug|Any CPU.Build.0 = Debug|Any CPU
		{7308C372-7E1E-4B75-BBE0-7688BDEC43CC}.Release|Any CPU.ActiveCfg = Release|Any CPU
		{7308C372-7E1E-4B75-BBE0-7688BDEC43CC}.Release|Any CPU.Build.0 = Release|Any CPU
		{0A727FFC-3D55-4A87-8901-49033EF70561}.Debug|Any CPU.ActiveCfg = Debug|Any CPU
		{0A727FFC-3D55-4A87-8901-49033EF70561}.Debug|Any CPU.Build.0 = Debug|Any CPU
		{0A727FFC-3D55-4A87-8901-49033EF70561}.Release|Any CPU.ActiveCfg = Release|Any CPU
		{0A727FFC-3D55-4A87-8901-49033EF70561}.Release|Any CPU.Build.0 = Release|Any CPU
		{9070DCC1-8592-4AE5-BA63-5E52D2C48E37}.Debug|Any CPU.ActiveCfg = Debug|Any CPU
		{9070DCC1-8592-4AE5-BA63-5E52D2C48E37}.Debug|Any CPU.Build.0 = Debug|Any CPU
		{9070DCC1-8592-4AE5-BA63-5E52D2C48E37}.Release|Any CPU.ActiveCfg = Release|Any CPU
		{9070DCC1-8592-4AE5-BA63-5E52D2C48E37}.Release|Any CPU.Build.0 = Release|Any CPU
		{DB104A08-8E11-431F-84C5-6BCBF46A6B59}.Debug|Any CPU.ActiveCfg = Debug|Any CPU
		{DB104A08-8E11-431F-84C5-6BCBF46A6B59}.Debug|Any CPU.Build.0 = Debug|Any CPU
		{DB104A08-8E11-431F-84C5-6BCBF46A6B59}.Release|Any CPU.ActiveCfg = Release|Any CPU
		{DB104A08-8E11-431F-84C5-6BCBF46A6B59}.Release|Any CPU.Build.0 = Release|Any CPU
		{E07E742D-CA2C-4593-AF5B-9749AC2B3B27}.Debug|Any CPU.ActiveCfg = Debug|Any CPU
		{E07E742D-CA2C-4593-AF5B-9749AC2B3B27}.Debug|Any CPU.Build.0 = Debug|Any CPU
		{E07E742D-CA2C-4593-AF5B-9749AC2B3B27}.Release|Any CPU.ActiveCfg = Release|Any CPU
		{E07E742D-CA2C-4593-AF5B-9749AC2B3B27}.Release|Any CPU.Build.0 = Release|Any CPU
		{2BD7F8BD-4E5B-4C98-A6CE-EE0F343D973A}.Debug|Any CPU.ActiveCfg = Debug|Any CPU
		{2BD7F8BD-4E5B-4C98-A6CE-EE0F343D973A}.Debug|Any CPU.Build.0 = Debug|Any CPU
		{2BD7F8BD-4E5B-4C98-A6CE-EE0F343D973A}.Release|Any CPU.ActiveCfg = Release|Any CPU
		{2BD7F8BD-4E5B-4C98-A6CE-EE0F343D973A}.Release|Any CPU.Build.0 = Release|Any CPU
		{2233A718-1F3D-47F6-A934-A203BE4A2C31}.Debug|Any CPU.ActiveCfg = Debug|Any CPU
		{2233A718-1F3D-47F6-A934-A203BE4A2C31}.Debug|Any CPU.Build.0 = Debug|Any CPU
		{2233A718-1F3D-47F6-A934-A203BE4A2C31}.Release|Any CPU.ActiveCfg = Release|Any CPU
		{2233A718-1F3D-47F6-A934-A203BE4A2C31}.Release|Any CPU.Build.0 = Release|Any CPU
		{DDFA011D-5DEF-40B4-AE96-7D6763E1C266}.Debug|Any CPU.ActiveCfg = Debug|Any CPU
		{DDFA011D-5DEF-40B4-AE96-7D6763E1C266}.Debug|Any CPU.Build.0 = Debug|Any CPU
		{DDFA011D-5DEF-40B4-AE96-7D6763E1C266}.Release|Any CPU.ActiveCfg = Release|Any CPU
		{DDFA011D-5DEF-40B4-AE96-7D6763E1C266}.Release|Any CPU.Build.0 = Release|Any CPU
		{9FC9F6E8-9B7A-4683-8AE7-034BF5DB6A9C}.Debug|Any CPU.ActiveCfg = Debug|Any CPU
		{9FC9F6E8-9B7A-4683-8AE7-034BF5DB6A9C}.Debug|Any CPU.Build.0 = Debug|Any CPU
		{9FC9F6E8-9B7A-4683-8AE7-034BF5DB6A9C}.Release|Any CPU.ActiveCfg = Release|Any CPU
		{9FC9F6E8-9B7A-4683-8AE7-034BF5DB6A9C}.Release|Any CPU.Build.0 = Release|Any CPU
		{9BB5F402-ADA1-4538-BEED-060254ADE700}.Debug|Any CPU.ActiveCfg = Debug|Any CPU
		{9BB5F402-ADA1-4538-BEED-060254ADE700}.Debug|Any CPU.Build.0 = Debug|Any CPU
		{9BB5F402-ADA1-4538-BEED-060254ADE700}.Release|Any CPU.ActiveCfg = Release|Any CPU
		{9BB5F402-ADA1-4538-BEED-060254ADE700}.Release|Any CPU.Build.0 = Release|Any CPU
		{28E4FEE2-F90A-46A2-9BDB-DBD8D347EA8D}.Debug|Any CPU.ActiveCfg = Debug|Any CPU
		{28E4FEE2-F90A-46A2-9BDB-DBD8D347EA8D}.Debug|Any CPU.Build.0 = Debug|Any CPU
		{28E4FEE2-F90A-46A2-9BDB-DBD8D347EA8D}.Release|Any CPU.ActiveCfg = Release|Any CPU
		{28E4FEE2-F90A-46A2-9BDB-DBD8D347EA8D}.Release|Any CPU.Build.0 = Release|Any CPU
		{4DF55377-A495-48AB-B7A2-951B9E6C861B}.Debug|Any CPU.ActiveCfg = Debug|Any CPU
		{4DF55377-A495-48AB-B7A2-951B9E6C861B}.Debug|Any CPU.Build.0 = Debug|Any CPU
		{4DF55377-A495-48AB-B7A2-951B9E6C861B}.Release|Any CPU.ActiveCfg = Release|Any CPU
		{4DF55377-A495-48AB-B7A2-951B9E6C861B}.Release|Any CPU.Build.0 = Release|Any CPU
		{B953B70E-56D6-4D8A-B8F5-B5C240DB218F}.Debug|Any CPU.ActiveCfg = Debug|Any CPU
		{B953B70E-56D6-4D8A-B8F5-B5C240DB218F}.Debug|Any CPU.Build.0 = Debug|Any CPU
		{B953B70E-56D6-4D8A-B8F5-B5C240DB218F}.Release|Any CPU.ActiveCfg = Release|Any CPU
		{B953B70E-56D6-4D8A-B8F5-B5C240DB218F}.Release|Any CPU.Build.0 = Release|Any CPU
		{1A1BE6CF-D3DD-4E2C-9809-EC334CE72414}.Debug|Any CPU.ActiveCfg = Debug|Any CPU
		{1A1BE6CF-D3DD-4E2C-9809-EC334CE72414}.Debug|Any CPU.Build.0 = Debug|Any CPU
		{1A1BE6CF-D3DD-4E2C-9809-EC334CE72414}.Release|Any CPU.ActiveCfg = Release|Any CPU
		{1A1BE6CF-D3DD-4E2C-9809-EC334CE72414}.Release|Any CPU.Build.0 = Release|Any CPU
		{49B51A8B-3A50-49A7-B3A5-45B1D2057D7F}.Debug|Any CPU.ActiveCfg = Debug|Any CPU
		{49B51A8B-3A50-49A7-B3A5-45B1D2057D7F}.Debug|Any CPU.Build.0 = Debug|Any CPU
		{49B51A8B-3A50-49A7-B3A5-45B1D2057D7F}.Release|Any CPU.ActiveCfg = Release|Any CPU
		{49B51A8B-3A50-49A7-B3A5-45B1D2057D7F}.Release|Any CPU.Build.0 = Release|Any CPU
		{8BA60533-8021-40A6-8C1B-94FC8544CF9B}.Debug|Any CPU.ActiveCfg = Debug|Any CPU
		{8BA60533-8021-40A6-8C1B-94FC8544CF9B}.Debug|Any CPU.Build.0 = Debug|Any CPU
		{8BA60533-8021-40A6-8C1B-94FC8544CF9B}.Release|Any CPU.ActiveCfg = Release|Any CPU
		{8BA60533-8021-40A6-8C1B-94FC8544CF9B}.Release|Any CPU.Build.0 = Release|Any CPU
		{973E42AC-D60C-43A8-9481-EA63DC90A627}.Debug|Any CPU.ActiveCfg = Debug|Any CPU
		{973E42AC-D60C-43A8-9481-EA63DC90A627}.Debug|Any CPU.Build.0 = Debug|Any CPU
		{973E42AC-D60C-43A8-9481-EA63DC90A627}.Release|Any CPU.ActiveCfg = Release|Any CPU
		{973E42AC-D60C-43A8-9481-EA63DC90A627}.Release|Any CPU.Build.0 = Release|Any CPU
		{26FCDAD6-CF25-4168-998B-F4A96AE048B0}.Debug|Any CPU.ActiveCfg = Debug|Any CPU
		{26FCDAD6-CF25-4168-998B-F4A96AE048B0}.Debug|Any CPU.Build.0 = Debug|Any CPU
		{26FCDAD6-CF25-4168-998B-F4A96AE048B0}.Release|Any CPU.ActiveCfg = Release|Any CPU
		{26FCDAD6-CF25-4168-998B-F4A96AE048B0}.Release|Any CPU.Build.0 = Release|Any CPU
		{DBB0C0C3-56B7-4C69-A777-7BBFB1AB0DC1}.Debug|Any CPU.ActiveCfg = Debug|Any CPU
		{DBB0C0C3-56B7-4C69-A777-7BBFB1AB0DC1}.Debug|Any CPU.Build.0 = Debug|Any CPU
		{DBB0C0C3-56B7-4C69-A777-7BBFB1AB0DC1}.Release|Any CPU.ActiveCfg = Release|Any CPU
		{DBB0C0C3-56B7-4C69-A777-7BBFB1AB0DC1}.Release|Any CPU.Build.0 = Release|Any CPU
		{64E06EFF-3554-422C-A35B-6238F2C41532}.Debug|Any CPU.ActiveCfg = Debug|Any CPU
		{64E06EFF-3554-422C-A35B-6238F2C41532}.Debug|Any CPU.Build.0 = Debug|Any CPU
		{64E06EFF-3554-422C-A35B-6238F2C41532}.Release|Any CPU.ActiveCfg = Release|Any CPU
		{64E06EFF-3554-422C-A35B-6238F2C41532}.Release|Any CPU.Build.0 = Release|Any CPU
		{268A12C0-92E4-4DCA-BE70-041DBAD72F6E}.Debug|Any CPU.ActiveCfg = Debug|Any CPU
		{268A12C0-92E4-4DCA-BE70-041DBAD72F6E}.Debug|Any CPU.Build.0 = Debug|Any CPU
		{268A12C0-92E4-4DCA-BE70-041DBAD72F6E}.Release|Any CPU.ActiveCfg = Release|Any CPU
		{268A12C0-92E4-4DCA-BE70-041DBAD72F6E}.Release|Any CPU.Build.0 = Release|Any CPU
		{07175BF5-A56E-4C92-9F6B-592A1E41CFE0}.Debug|Any CPU.ActiveCfg = Debug|Any CPU
		{07175BF5-A56E-4C92-9F6B-592A1E41CFE0}.Debug|Any CPU.Build.0 = Debug|Any CPU
		{07175BF5-A56E-4C92-9F6B-592A1E41CFE0}.Release|Any CPU.ActiveCfg = Release|Any CPU
		{07175BF5-A56E-4C92-9F6B-592A1E41CFE0}.Release|Any CPU.Build.0 = Release|Any CPU
		{718EC8A6-DBA1-4362-A017-D4C881C0394C}.Debug|Any CPU.ActiveCfg = Debug|Any CPU
		{718EC8A6-DBA1-4362-A017-D4C881C0394C}.Debug|Any CPU.Build.0 = Debug|Any CPU
		{718EC8A6-DBA1-4362-A017-D4C881C0394C}.Release|Any CPU.ActiveCfg = Release|Any CPU
		{718EC8A6-DBA1-4362-A017-D4C881C0394C}.Release|Any CPU.Build.0 = Release|Any CPU
	EndGlobalSection
	GlobalSection(SolutionProperties) = preSolution
		HideSolutionNode = FALSE
	EndGlobalSection
	GlobalSection(NestedProjects) = preSolution
		{87D427C9-BC05-4244-B61E-212581973243} = {81FC8438-A7F9-4237-9ADF-A3F9E812D976}
		{B8648A34-79C7-4653-B5A7-163BA5B551A6} = {81FC8438-A7F9-4237-9ADF-A3F9E812D976}
		{EE083648-F491-4057-BC09-A0D0AF0355D1} = {81FC8438-A7F9-4237-9ADF-A3F9E812D976}
		{FD866871-89C3-4F0D-AB3E-43B3DBF56157} = {81FC8438-A7F9-4237-9ADF-A3F9E812D976}
		{39B1A346-ECBA-4A5D-9153-4F0395FC181B} = {81FC8438-A7F9-4237-9ADF-A3F9E812D976}
		{7308C372-7E1E-4B75-BBE0-7688BDEC43CC} = {81FC8438-A7F9-4237-9ADF-A3F9E812D976}
		{0A727FFC-3D55-4A87-8901-49033EF70561} = {81FC8438-A7F9-4237-9ADF-A3F9E812D976}
		{9070DCC1-8592-4AE5-BA63-5E52D2C48E37} = {81FC8438-A7F9-4237-9ADF-A3F9E812D976}
		{DB104A08-8E11-431F-84C5-6BCBF46A6B59} = {81FC8438-A7F9-4237-9ADF-A3F9E812D976}
		{E07E742D-CA2C-4593-AF5B-9749AC2B3B27} = {81FC8438-A7F9-4237-9ADF-A3F9E812D976}
		{2BD7F8BD-4E5B-4C98-A6CE-EE0F343D973A} = {81FC8438-A7F9-4237-9ADF-A3F9E812D976}
		{2233A718-1F3D-47F6-A934-A203BE4A2C31} = {81FC8438-A7F9-4237-9ADF-A3F9E812D976}
		{DDFA011D-5DEF-40B4-AE96-7D6763E1C266} = {81FC8438-A7F9-4237-9ADF-A3F9E812D976}
		{9FC9F6E8-9B7A-4683-8AE7-034BF5DB6A9C} = {81FC8438-A7F9-4237-9ADF-A3F9E812D976}
		{9BB5F402-ADA1-4538-BEED-060254ADE700} = {81FC8438-A7F9-4237-9ADF-A3F9E812D976}
		{28E4FEE2-F90A-46A2-9BDB-DBD8D347EA8D} = {81FC8438-A7F9-4237-9ADF-A3F9E812D976}
		{4DF55377-A495-48AB-B7A2-951B9E6C861B} = {81FC8438-A7F9-4237-9ADF-A3F9E812D976}
		{B953B70E-56D6-4D8A-B8F5-B5C240DB218F} = {81FC8438-A7F9-4237-9ADF-A3F9E812D976}
		{1A1BE6CF-D3DD-4E2C-9809-EC334CE72414} = {81FC8438-A7F9-4237-9ADF-A3F9E812D976}
		{49B51A8B-3A50-49A7-B3A5-45B1D2057D7F} = {81FC8438-A7F9-4237-9ADF-A3F9E812D976}
		{8BA60533-8021-40A6-8C1B-94FC8544CF9B} = {81FC8438-A7F9-4237-9ADF-A3F9E812D976}
		{973E42AC-D60C-43A8-9481-EA63DC90A627} = {81FC8438-A7F9-4237-9ADF-A3F9E812D976}
		{26FCDAD6-CF25-4168-998B-F4A96AE048B0} = {81FC8438-A7F9-4237-9ADF-A3F9E812D976}
		{DBB0C0C3-56B7-4C69-A777-7BBFB1AB0DC1} = {81FC8438-A7F9-4237-9ADF-A3F9E812D976}
		{64E06EFF-3554-422C-A35B-6238F2C41532} = {81FC8438-A7F9-4237-9ADF-A3F9E812D976}
		{268A12C0-92E4-4DCA-BE70-041DBAD72F6E} = {81FC8438-A7F9-4237-9ADF-A3F9E812D976}
		{07175BF5-A56E-4C92-9F6B-592A1E41CFE0} = {81FC8438-A7F9-4237-9ADF-A3F9E812D976}
		{718EC8A6-DBA1-4362-A017-D4C881C0394C} = {81FC8438-A7F9-4237-9ADF-A3F9E812D976}
	EndGlobalSection
	GlobalSection(ExtensibilityGlobals) = postSolution
		SolutionGuid = {3BFE8D1B-1885-491A-82E4-94EAE192D764}
	EndGlobalSection
EndGlobal
