
Microsoft Visual Studio Solution File, Format Version 12.00
# Visual Studio 15
VisualStudioVersion = 15.0.28010.2050
MinimumVisualStudioVersion = 10.0.40219.1
Project("{2150E333-8FDC-42A3-9474-1A3956D46DE8}") = "src", "src", "{D6B27ECF-3BCD-41A2-ACB1-E49D6930B289}"
EndProject
Project("{2150E333-8FDC-42A3-9474-1A3956D46DE8}") = "Core", "Core", "{5BE36866-FFA7-47D3-93E1-BFDFE90FE4FE}"
EndProject
Project("{2150E333-8FDC-42A3-9474-1A3956D46DE8}") = "Sample", "Sample", "{35C1C8D3-74EA-49EA-BDC8-6F75A58E1ECB}"
EndProject
Project("{2150E333-8FDC-42A3-9474-1A3956D46DE8}") = "Gateway", "Gateway", "{5E7216A8-4D5A-46AE-A8B7-AF12820CAE2C}"
EndProject
Project("{9A19103F-16F7-4668-BE54-9A1E7A4F7556}") = "Surging.Core.ApiGateWay", "src\Core\Surging.Core.ApiGateWay\Surging.Core.ApiGateWay.csproj", "{AFEAFE59-2902-47F5-8882-3BF66FBC8ACD}"
EndProject
Project("{9A19103F-16F7-4668-BE54-9A1E7A4F7556}") = "Surging.Core.AutoMapper", "src\Core\Surging.Core.AutoMapper\Surging.Core.AutoMapper.csproj", "{326B3722-3C74-47E8-A96A-2C63429B506B}"
EndProject
Project("{9A19103F-16F7-4668-BE54-9A1E7A4F7556}") = "Surging.Core.Caching", "src\Core\Surging.Core.Caching\Surging.Core.Caching.csproj", "{566A0D56-FF35-46B8-9B06-900C70CE933C}"
EndProject
Project("{9A19103F-16F7-4668-BE54-9A1E7A4F7556}") = "Surging.Core.Codec.MessagePack", "src\Core\Surging.Core.Codec.MessagePack\Surging.Core.Codec.MessagePack.csproj", "{37364376-ED8D-4323-B736-D498632D93B1}"
EndProject
Project("{9A19103F-16F7-4668-BE54-9A1E7A4F7556}") = "Surging.Core.Codec.ProtoBuffer", "src\Core\Surging.Core.Codec.ProtoBuffer\Surging.Core.Codec.ProtoBuffer.csproj", "{76AE3852-3000-4DA2-9954-C9D9CF83CF5B}"
EndProject
Project("{9A19103F-16F7-4668-BE54-9A1E7A4F7556}") = "Surging.Core.Common", "src\Core\Surging.Core.Common\Surging.Core.Common.csproj", "{17A2CA85-D43D-4F79-8689-6AB4918298C0}"
EndProject
Project("{9A19103F-16F7-4668-BE54-9A1E7A4F7556}") = "Surging.Core.Consul", "src\Core\Surging.Core.Consul\Surging.Core.Consul.csproj", "{A9121394-51D7-4A10-A3A7-91045A1BEE32}"
EndProject
Project("{9A19103F-16F7-4668-BE54-9A1E7A4F7556}") = "Surging.Core.CPlatform", "src\Core\Surging.Core.CPlatform\Surging.Core.CPlatform.csproj", "{BD921658-0D44-4778-B3FE-3F76EECAC4EC}"
EndProject
Project("{9A19103F-16F7-4668-BE54-9A1E7A4F7556}") = "Surging.Core.Dapper", "src\Core\Surging.Core.Dapper\Surging.Core.Dapper.csproj", "{3B3922EF-A21D-4AC8-9484-BCA8BE8C2A7D}"
EndProject
Project("{9A19103F-16F7-4668-BE54-9A1E7A4F7556}") = "Surging.Core.Domain", "src\Core\Surging.Core.Domain\Surging.Core.Domain.csproj", "{ED0FB7BD-32CC-4567-99BE-BFE1AF351A50}"
EndProject
Project("{9A19103F-16F7-4668-BE54-9A1E7A4F7556}") = "Surging.Core.DotNetty", "src\Core\Surging.Core.DotNetty\Surging.Core.DotNetty.csproj", "{1687275C-3A9E-43AA-A740-EF27A1B86377}"
EndProject
Project("{9A19103F-16F7-4668-BE54-9A1E7A4F7556}") = "Surging.Core.EntityFrameworkCore", "src\Core\Surging.Core.EntityFrameworkCore\Surging.Core.EntityFrameworkCore.csproj", "{D28B2A61-C6D9-46A7-85B1-CE2AF7A03176}"
EndProject
Project("{9A19103F-16F7-4668-BE54-9A1E7A4F7556}") = "Surging.Core.EventBusKafka", "src\Core\Surging.Core.EventBusKafka\Surging.Core.EventBusKafka.csproj", "{D1E53633-CE24-42E2-B7BA-DC227E576671}"
EndProject
Project("{9A19103F-16F7-4668-BE54-9A1E7A4F7556}") = "Surging.Core.EventBusRabbitMQ", "src\Core\Surging.Core.EventBusRabbitMQ\Surging.Core.EventBusRabbitMQ.csproj", "{832794B8-12CC-475C-9AD3-CD1580677B02}"
EndProject
Project("{9A19103F-16F7-4668-BE54-9A1E7A4F7556}") = "Surging.Core.FluentValidation", "src\Core\Surging.Core.FluentValidation\Surging.Core.FluentValidation.csproj", "{8D8007D6-9BC9-4833-8B08-136BEC42B5D1}"
EndProject
Project("{9A19103F-16F7-4668-BE54-9A1E7A4F7556}") = "Surging.Core.KestrelHttpServer", "src\Core\Surging.Core.KestrelHttpServer\Surging.Core.KestrelHttpServer.csproj", "{99AB781F-B70E-4691-AFF2-1F4D60A7C9FB}"
EndProject
Project("{9A19103F-16F7-4668-BE54-9A1E7A4F7556}") = "Surging.Core.Log4net", "src\Core\Surging.Core.Log4net\Surging.Core.Log4net.csproj", "{9524D9AF-9487-47BA-822A-AA21B46BA782}"
EndProject
Project("{9A19103F-16F7-4668-BE54-9A1E7A4F7556}") = "Surging.Core.Nlog", "src\Core\Surging.Core.NLog\Surging.Core.Nlog.csproj", "{E2F788AD-F467-4CEA-B810-864282E42065}"
EndProject
Project("{9A19103F-16F7-4668-BE54-9A1E7A4F7556}") = "Surging.Core.Protocol.Http", "src\Core\Surging.Core.Protocol.Http\Surging.Core.Protocol.Http.csproj", "{DDC20820-DADD-4407-9228-A7856E8DE300}"
EndProject
Project("{9A19103F-16F7-4668-BE54-9A1E7A4F7556}") = "Surging.Core.Protocol.WS", "src\Core\Surging.Core.Protocol.WS\Surging.Core.Protocol.WS.csproj", "{953AA0B6-5AE4-411B-AD88-74950AB6C20E}"
EndProject
Project("{9A19103F-16F7-4668-BE54-9A1E7A4F7556}") = "Surging.Core.ProxyGenerator", "src\Core\Surging.Core.ProxyGenerator\Surging.Core.ProxyGenerator.csproj", "{B011D7D1-9BF4-4A59-8FF2-A779CD2FE6B0}"
EndProject
Project("{9A19103F-16F7-4668-BE54-9A1E7A4F7556}") = "Surging.Core.Schedule", "src\Core\Surging.Core.Schedule\Surging.Core.Schedule.csproj", "{84125C79-E015-4BE3-8D85-F9D63861B5C4}"
EndProject
Project("{9A19103F-16F7-4668-BE54-9A1E7A4F7556}") = "Surging.Core.ServiceHosting", "src\Core\Surging.Core.ServiceHosting\Surging.Core.ServiceHosting.csproj", "{35B57A91-0768-4D5E-8581-DB9E390A786A}"
EndProject
Project("{9A19103F-16F7-4668-BE54-9A1E7A4F7556}") = "Surging.Core.System", "src\Core\Surging.Core.System\Surging.Core.System.csproj", "{66152C44-1905-462E-8B5A-A8D1CF00E4B6}"
EndProject
Project("{9A19103F-16F7-4668-BE54-9A1E7A4F7556}") = "Surging.Core.Zookeeper", "src\Core\Surging.Core.Zookeeper\Surging.Core.Zookeeper.csproj", "{E5DEE8EE-1E79-4E3E-8FDB-2BCBBC8BDBC1}"
EndProject
Project("{9A19103F-16F7-4668-BE54-9A1E7A4F7556}") = "Surging.Core.Swagger", "src\Core\Surging.Core.Swagger\Surging.Core.Swagger.csproj", "{1E8A5F5B-E48D-4E77-AFA6-D5B052FA678E}"
EndProject
Global
	GlobalSection(SolutionConfigurationPlatforms) = preSolution
		Debug|Any CPU = Debug|Any CPU
		Release|Any CPU = Release|Any CPU
	EndGlobalSection
	GlobalSection(ProjectConfigurationPlatforms) = postSolution
		{AFEAFE59-2902-47F5-8882-3BF66FBC8ACD}.Debug|Any CPU.ActiveCfg = Debug|Any CPU
		{AFEAFE59-2902-47F5-8882-3BF66FBC8ACD}.Debug|Any CPU.Build.0 = Debug|Any CPU
		{AFEAFE59-2902-47F5-8882-3BF66FBC8ACD}.Release|Any CPU.ActiveCfg = Release|Any CPU
		{AFEAFE59-2902-47F5-8882-3BF66FBC8ACD}.Release|Any CPU.Build.0 = Release|Any CPU
		{326B3722-3C74-47E8-A96A-2C63429B506B}.Debug|Any CPU.ActiveCfg = Debug|Any CPU
		{326B3722-3C74-47E8-A96A-2C63429B506B}.Debug|Any CPU.Build.0 = Debug|Any CPU
		{326B3722-3C74-47E8-A96A-2C63429B506B}.Release|Any CPU.ActiveCfg = Release|Any CPU
		{326B3722-3C74-47E8-A96A-2C63429B506B}.Release|Any CPU.Build.0 = Release|Any CPU
		{566A0D56-FF35-46B8-9B06-900C70CE933C}.Debug|Any CPU.ActiveCfg = Debug|Any CPU
		{566A0D56-FF35-46B8-9B06-900C70CE933C}.Debug|Any CPU.Build.0 = Debug|Any CPU
		{566A0D56-FF35-46B8-9B06-900C70CE933C}.Release|Any CPU.ActiveCfg = Release|Any CPU
		{566A0D56-FF35-46B8-9B06-900C70CE933C}.Release|Any CPU.Build.0 = Release|Any CPU
		{37364376-ED8D-4323-B736-D498632D93B1}.Debug|Any CPU.ActiveCfg = Debug|Any CPU
		{37364376-ED8D-4323-B736-D498632D93B1}.Debug|Any CPU.Build.0 = Debug|Any CPU
		{37364376-ED8D-4323-B736-D498632D93B1}.Release|Any CPU.ActiveCfg = Release|Any CPU
		{37364376-ED8D-4323-B736-D498632D93B1}.Release|Any CPU.Build.0 = Release|Any CPU
		{76AE3852-3000-4DA2-9954-C9D9CF83CF5B}.Debug|Any CPU.ActiveCfg = Debug|Any CPU
		{76AE3852-3000-4DA2-9954-C9D9CF83CF5B}.Debug|Any CPU.Build.0 = Debug|Any CPU
		{76AE3852-3000-4DA2-9954-C9D9CF83CF5B}.Release|Any CPU.ActiveCfg = Release|Any CPU
		{76AE3852-3000-4DA2-9954-C9D9CF83CF5B}.Release|Any CPU.Build.0 = Release|Any CPU
		{17A2CA85-D43D-4F79-8689-6AB4918298C0}.Debug|Any CPU.ActiveCfg = Debug|Any CPU
		{17A2CA85-D43D-4F79-8689-6AB4918298C0}.Debug|Any CPU.Build.0 = Debug|Any CPU
		{17A2CA85-D43D-4F79-8689-6AB4918298C0}.Release|Any CPU.ActiveCfg = Release|Any CPU
		{17A2CA85-D43D-4F79-8689-6AB4918298C0}.Release|Any CPU.Build.0 = Release|Any CPU
		{A9121394-51D7-4A10-A3A7-91045A1BEE32}.Debug|Any CPU.ActiveCfg = Debug|Any CPU
		{A9121394-51D7-4A10-A3A7-91045A1BEE32}.Debug|Any CPU.Build.0 = Debug|Any CPU
		{A9121394-51D7-4A10-A3A7-91045A1BEE32}.Release|Any CPU.ActiveCfg = Release|Any CPU
		{A9121394-51D7-4A10-A3A7-91045A1BEE32}.Release|Any CPU.Build.0 = Release|Any CPU
		{BD921658-0D44-4778-B3FE-3F76EECAC4EC}.Debug|Any CPU.ActiveCfg = Debug|Any CPU
		{BD921658-0D44-4778-B3FE-3F76EECAC4EC}.Debug|Any CPU.Build.0 = Debug|Any CPU
		{BD921658-0D44-4778-B3FE-3F76EECAC4EC}.Release|Any CPU.ActiveCfg = Release|Any CPU
		{BD921658-0D44-4778-B3FE-3F76EECAC4EC}.Release|Any CPU.Build.0 = Release|Any CPU
		{3B3922EF-A21D-4AC8-9484-BCA8BE8C2A7D}.Debug|Any CPU.ActiveCfg = Debug|Any CPU
		{3B3922EF-A21D-4AC8-9484-BCA8BE8C2A7D}.Debug|Any CPU.Build.0 = Debug|Any CPU
		{3B3922EF-A21D-4AC8-9484-BCA8BE8C2A7D}.Release|Any CPU.ActiveCfg = Release|Any CPU
		{3B3922EF-A21D-4AC8-9484-BCA8BE8C2A7D}.Release|Any CPU.Build.0 = Release|Any CPU
		{ED0FB7BD-32CC-4567-99BE-BFE1AF351A50}.Debug|Any CPU.ActiveCfg = Debug|Any CPU
		{ED0FB7BD-32CC-4567-99BE-BFE1AF351A50}.Debug|Any CPU.Build.0 = Debug|Any CPU
		{ED0FB7BD-32CC-4567-99BE-BFE1AF351A50}.Release|Any CPU.ActiveCfg = Release|Any CPU
		{ED0FB7BD-32CC-4567-99BE-BFE1AF351A50}.Release|Any CPU.Build.0 = Release|Any CPU
		{1687275C-3A9E-43AA-A740-EF27A1B86377}.Debug|Any CPU.ActiveCfg = Debug|Any CPU
		{1687275C-3A9E-43AA-A740-EF27A1B86377}.Debug|Any CPU.Build.0 = Debug|Any CPU
		{1687275C-3A9E-43AA-A740-EF27A1B86377}.Release|Any CPU.ActiveCfg = Release|Any CPU
		{1687275C-3A9E-43AA-A740-EF27A1B86377}.Release|Any CPU.Build.0 = Release|Any CPU
		{D28B2A61-C6D9-46A7-85B1-CE2AF7A03176}.Debug|Any CPU.ActiveCfg = Debug|Any CPU
		{D28B2A61-C6D9-46A7-85B1-CE2AF7A03176}.Debug|Any CPU.Build.0 = Debug|Any CPU
		{D28B2A61-C6D9-46A7-85B1-CE2AF7A03176}.Release|Any CPU.ActiveCfg = Release|Any CPU
		{D28B2A61-C6D9-46A7-85B1-CE2AF7A03176}.Release|Any CPU.Build.0 = Release|Any CPU
		{D1E53633-CE24-42E2-B7BA-DC227E576671}.Debug|Any CPU.ActiveCfg = Debug|Any CPU
		{D1E53633-CE24-42E2-B7BA-DC227E576671}.Debug|Any CPU.Build.0 = Debug|Any CPU
		{D1E53633-CE24-42E2-B7BA-DC227E576671}.Release|Any CPU.ActiveCfg = Release|Any CPU
		{D1E53633-CE24-42E2-B7BA-DC227E576671}.Release|Any CPU.Build.0 = Release|Any CPU
		{832794B8-12CC-475C-9AD3-CD1580677B02}.Debug|Any CPU.ActiveCfg = Debug|Any CPU
		{832794B8-12CC-475C-9AD3-CD1580677B02}.Debug|Any CPU.Build.0 = Debug|Any CPU
		{832794B8-12CC-475C-9AD3-CD1580677B02}.Release|Any CPU.ActiveCfg = Release|Any CPU
		{832794B8-12CC-475C-9AD3-CD1580677B02}.Release|Any CPU.Build.0 = Release|Any CPU
		{8D8007D6-9BC9-4833-8B08-136BEC42B5D1}.Debug|Any CPU.ActiveCfg = Debug|Any CPU
		{8D8007D6-9BC9-4833-8B08-136BEC42B5D1}.Debug|Any CPU.Build.0 = Debug|Any CPU
		{8D8007D6-9BC9-4833-8B08-136BEC42B5D1}.Release|Any CPU.ActiveCfg = Release|Any CPU
		{8D8007D6-9BC9-4833-8B08-136BEC42B5D1}.Release|Any CPU.Build.0 = Release|Any CPU
		{99AB781F-B70E-4691-AFF2-1F4D60A7C9FB}.Debug|Any CPU.ActiveCfg = Debug|Any CPU
		{99AB781F-B70E-4691-AFF2-1F4D60A7C9FB}.Debug|Any CPU.Build.0 = Debug|Any CPU
		{99AB781F-B70E-4691-AFF2-1F4D60A7C9FB}.Release|Any CPU.ActiveCfg = Release|Any CPU
		{99AB781F-B70E-4691-AFF2-1F4D60A7C9FB}.Release|Any CPU.Build.0 = Release|Any CPU
		{9524D9AF-9487-47BA-822A-AA21B46BA782}.Debug|Any CPU.ActiveCfg = Debug|Any CPU
		{9524D9AF-9487-47BA-822A-AA21B46BA782}.Debug|Any CPU.Build.0 = Debug|Any CPU
		{9524D9AF-9487-47BA-822A-AA21B46BA782}.Release|Any CPU.ActiveCfg = Release|Any CPU
		{9524D9AF-9487-47BA-822A-AA21B46BA782}.Release|Any CPU.Build.0 = Release|Any CPU
		{E2F788AD-F467-4CEA-B810-864282E42065}.Debug|Any CPU.ActiveCfg = Debug|Any CPU
		{E2F788AD-F467-4CEA-B810-864282E42065}.Debug|Any CPU.Build.0 = Debug|Any CPU
		{E2F788AD-F467-4CEA-B810-864282E42065}.Release|Any CPU.ActiveCfg = Release|Any CPU
		{E2F788AD-F467-4CEA-B810-864282E42065}.Release|Any CPU.Build.0 = Release|Any CPU
		{DDC20820-DADD-4407-9228-A7856E8DE300}.Debug|Any CPU.ActiveCfg = Debug|Any CPU
		{DDC20820-DADD-4407-9228-A7856E8DE300}.Debug|Any CPU.Build.0 = Debug|Any CPU
		{DDC20820-DADD-4407-9228-A7856E8DE300}.Release|Any CPU.ActiveCfg = Release|Any CPU
		{DDC20820-DADD-4407-9228-A7856E8DE300}.Release|Any CPU.Build.0 = Release|Any CPU
		{953AA0B6-5AE4-411B-AD88-74950AB6C20E}.Debug|Any CPU.ActiveCfg = Debug|Any CPU
		{953AA0B6-5AE4-411B-AD88-74950AB6C20E}.Debug|Any CPU.Build.0 = Debug|Any CPU
		{953AA0B6-5AE4-411B-AD88-74950AB6C20E}.Release|Any CPU.ActiveCfg = Release|Any CPU
		{953AA0B6-5AE4-411B-AD88-74950AB6C20E}.Release|Any CPU.Build.0 = Release|Any CPU
		{B011D7D1-9BF4-4A59-8FF2-A779CD2FE6B0}.Debug|Any CPU.ActiveCfg = Debug|Any CPU
		{B011D7D1-9BF4-4A59-8FF2-A779CD2FE6B0}.Debug|Any CPU.Build.0 = Debug|Any CPU
		{B011D7D1-9BF4-4A59-8FF2-A779CD2FE6B0}.Release|Any CPU.ActiveCfg = Release|Any CPU
		{B011D7D1-9BF4-4A59-8FF2-A779CD2FE6B0}.Release|Any CPU.Build.0 = Release|Any CPU
		{84125C79-E015-4BE3-8D85-F9D63861B5C4}.Debug|Any CPU.ActiveCfg = Debug|Any CPU
		{84125C79-E015-4BE3-8D85-F9D63861B5C4}.Debug|Any CPU.Build.0 = Debug|Any CPU
		{84125C79-E015-4BE3-8D85-F9D63861B5C4}.Release|Any CPU.ActiveCfg = Release|Any CPU
		{84125C79-E015-4BE3-8D85-F9D63861B5C4}.Release|Any CPU.Build.0 = Release|Any CPU
		{35B57A91-0768-4D5E-8581-DB9E390A786A}.Debug|Any CPU.ActiveCfg = Debug|Any CPU
		{35B57A91-0768-4D5E-8581-DB9E390A786A}.Debug|Any CPU.Build.0 = Debug|Any CPU
		{35B57A91-0768-4D5E-8581-DB9E390A786A}.Release|Any CPU.ActiveCfg = Release|Any CPU
		{35B57A91-0768-4D5E-8581-DB9E390A786A}.Release|Any CPU.Build.0 = Release|Any CPU
		{66152C44-1905-462E-8B5A-A8D1CF00E4B6}.Debug|Any CPU.ActiveCfg = Debug|Any CPU
		{66152C44-1905-462E-8B5A-A8D1CF00E4B6}.Debug|Any CPU.Build.0 = Debug|Any CPU
		{66152C44-1905-462E-8B5A-A8D1CF00E4B6}.Release|Any CPU.ActiveCfg = Release|Any CPU
		{66152C44-1905-462E-8B5A-A8D1CF00E4B6}.Release|Any CPU.Build.0 = Release|Any CPU
		{E5DEE8EE-1E79-4E3E-8FDB-2BCBBC8BDBC1}.Debug|Any CPU.ActiveCfg = Debug|Any CPU
		{E5DEE8EE-1E79-4E3E-8FDB-2BCBBC8BDBC1}.Debug|Any CPU.Build.0 = Debug|Any CPU
		{E5DEE8EE-1E79-4E3E-8FDB-2BCBBC8BDBC1}.Release|Any CPU.ActiveCfg = Release|Any CPU
		{E5DEE8EE-1E79-4E3E-8FDB-2BCBBC8BDBC1}.Release|Any CPU.Build.0 = Release|Any CPU
		{1E8A5F5B-E48D-4E77-AFA6-D5B052FA678E}.Debug|Any CPU.ActiveCfg = Debug|Any CPU
		{1E8A5F5B-E48D-4E77-AFA6-D5B052FA678E}.Debug|Any CPU.Build.0 = Debug|Any CPU
		{1E8A5F5B-E48D-4E77-AFA6-D5B052FA678E}.Release|Any CPU.ActiveCfg = Release|Any CPU
		{1E8A5F5B-E48D-4E77-AFA6-D5B052FA678E}.Release|Any CPU.Build.0 = Release|Any CPU
	EndGlobalSection
	GlobalSection(SolutionProperties) = preSolution
		HideSolutionNode = FALSE
	EndGlobalSection
	GlobalSection(NestedProjects) = preSolution
		{5BE36866-FFA7-47D3-93E1-BFDFE90FE4FE} = {D6B27ECF-3BCD-41A2-ACB1-E49D6930B289}
		{35C1C8D3-74EA-49EA-BDC8-6F75A58E1ECB} = {D6B27ECF-3BCD-41A2-ACB1-E49D6930B289}
		{5E7216A8-4D5A-46AE-A8B7-AF12820CAE2C} = {D6B27ECF-3BCD-41A2-ACB1-E49D6930B289}
		{AFEAFE59-2902-47F5-8882-3BF66FBC8ACD} = {5BE36866-FFA7-47D3-93E1-BFDFE90FE4FE}
		{326B3722-3C74-47E8-A96A-2C63429B506B} = {5BE36866-FFA7-47D3-93E1-BFDFE90FE4FE}
		{566A0D56-FF35-46B8-9B06-900C70CE933C} = {5BE36866-FFA7-47D3-93E1-BFDFE90FE4FE}
		{37364376-ED8D-4323-B736-D498632D93B1} = {5BE36866-FFA7-47D3-93E1-BFDFE90FE4FE}
		{76AE3852-3000-4DA2-9954-C9D9CF83CF5B} = {5BE36866-FFA7-47D3-93E1-BFDFE90FE4FE}
		{17A2CA85-D43D-4F79-8689-6AB4918298C0} = {5BE36866-FFA7-47D3-93E1-BFDFE90FE4FE}
		{A9121394-51D7-4A10-A3A7-91045A1BEE32} = {5BE36866-FFA7-47D3-93E1-BFDFE90FE4FE}
		{BD921658-0D44-4778-B3FE-3F76EECAC4EC} = {5BE36866-FFA7-47D3-93E1-BFDFE90FE4FE}
		{3B3922EF-A21D-4AC8-9484-BCA8BE8C2A7D} = {5BE36866-FFA7-47D3-93E1-BFDFE90FE4FE}
		{ED0FB7BD-32CC-4567-99BE-BFE1AF351A50} = {5BE36866-FFA7-47D3-93E1-BFDFE90FE4FE}
		{1687275C-3A9E-43AA-A740-EF27A1B86377} = {5BE36866-FFA7-47D3-93E1-BFDFE90FE4FE}
		{D28B2A61-C6D9-46A7-85B1-CE2AF7A03176} = {5BE36866-FFA7-47D3-93E1-BFDFE90FE4FE}
		{D1E53633-CE24-42E2-B7BA-DC227E576671} = {5BE36866-FFA7-47D3-93E1-BFDFE90FE4FE}
		{832794B8-12CC-475C-9AD3-CD1580677B02} = {5BE36866-FFA7-47D3-93E1-BFDFE90FE4FE}
		{8D8007D6-9BC9-4833-8B08-136BEC42B5D1} = {5BE36866-FFA7-47D3-93E1-BFDFE90FE4FE}
		{99AB781F-B70E-4691-AFF2-1F4D60A7C9FB} = {5BE36866-FFA7-47D3-93E1-BFDFE90FE4FE}
		{9524D9AF-9487-47BA-822A-AA21B46BA782} = {5BE36866-FFA7-47D3-93E1-BFDFE90FE4FE}
		{E2F788AD-F467-4CEA-B810-864282E42065} = {5BE36866-FFA7-47D3-93E1-BFDFE90FE4FE}
		{DDC20820-DADD-4407-9228-A7856E8DE300} = {5BE36866-FFA7-47D3-93E1-BFDFE90FE4FE}
		{953AA0B6-5AE4-411B-AD88-74950AB6C20E} = {5BE36866-FFA7-47D3-93E1-BFDFE90FE4FE}
		{B011D7D1-9BF4-4A59-8FF2-A779CD2FE6B0} = {5BE36866-FFA7-47D3-93E1-BFDFE90FE4FE}
		{84125C79-E015-4BE3-8D85-F9D63861B5C4} = {5BE36866-FFA7-47D3-93E1-BFDFE90FE4FE}
		{35B57A91-0768-4D5E-8581-DB9E390A786A} = {5BE36866-FFA7-47D3-93E1-BFDFE90FE4FE}
		{66152C44-1905-462E-8B5A-A8D1CF00E4B6} = {5BE36866-FFA7-47D3-93E1-BFDFE90FE4FE}
		{E5DEE8EE-1E79-4E3E-8FDB-2BCBBC8BDBC1} = {5BE36866-FFA7-47D3-93E1-BFDFE90FE4FE}
		{1E8A5F5B-E48D-4E77-AFA6-D5B052FA678E} = {5BE36866-FFA7-47D3-93E1-BFDFE90FE4FE}
	EndGlobalSection
	GlobalSection(ExtensibilityGlobals) = postSolution
		SolutionGuid = {E573E1CD-62D3-4FB5-AE85-74482F0C5D2E}
	EndGlobalSection
EndGlobal
